<?xml version="1.0" encoding="utf-8"?>
<Project ToolsVersion="4.0" xmlns="http://schemas.microsoft.com/developer/msbuild/2003">
  <ItemGroup>
    <Filter Include="Source Files">
      <UniqueIdentifier>{4FC737F1-C7A5-4376-A066-2A32D752A2FF}</UniqueIdentifier>
      <Extensions>cpp;c;cxx;def;odl;idl;hpj;bat;asm;asmx</Extensions>
    </Filter>
    <Filter Include="Header Files">
      <UniqueIdentifier>{93995380-89BD-4b04-88EB-625FBE52EBFB}</UniqueIdentifier>
      <Extensions>h;hpp;hxx;hm;inl;inc;xsd</Extensions>
    </Filter>
    <Filter Include="Resource Files">
      <UniqueIdentifier>{67DA6AB6-F800-4c08-8B7A-83BB121AAD01}</UniqueIdentifier>
      <Extensions>rc;ico;cur;bmp;dlg;rc2;rct;bin;rgs;gif;jpg;jpeg;jpe;resx</Extensions>
    </Filter>
    <Filter Include="libusb">
      <UniqueIdentifier>{4457aa34-41f5-4a57-b27d-afc36a4858a0}</UniqueIdentifier>
    </Filter>
  </ItemGroup>
  <ItemGroup>
    <ClCompile Include="callback-thread.c">
      <Filter>Source Files</Filter>
    </ClCompile>
    <ClCompile Include="ep4drain.c">
      <Filter>Source Files</Filter>
    </ClCompile>
    <ClCompile Include="fifo.c">
      <Filter>Source Files</Filter>
    </ClCompile>
    <ClCompile Include="globals.c">
      <Filter>Source Files</Filter>
    </ClCompile>
    <ClCompile Include="io-thread.c">
      <Filter>Source Files</Filter>
    </ClCompile>
    <ClCompile Include="KD5TFD-VK6APH-Audio.cpp">
      <Filter>Source Files</Filter>
    </ClCompile>
    <ClCompile Include="Metis.c">
      <Filter>Source Files</Filter>
    </ClCompile>
    <ClCompile Include="nanotime.c">
      <Filter>Source Files</Filter>
    </ClCompile>
    <ClCompile Include="OzyIO.c">
      <Filter>Source Files</Filter>
    </ClCompile>
    <ClCompile Include="Ozyutils.c">
      <Filter>Source Files</Filter>
    </ClCompile>
    <ClCompile Include="PowerSDR-Interface.c">
      <Filter>Source Files</Filter>
    </ClCompile>
    <ClCompile Include="ringbuf.c">
      <Filter>Source Files</Filter>
    </ClCompile>
    <ClCompile Include="stdafx.cpp">
      <Filter>Source Files</Filter>
    </ClCompile>
  </ItemGroup>
  <ItemGroup>
    <ClInclude Include="KD5TFD-VK6APH-Audio.h">
      <Filter>Header Files</Filter>
    </ClInclude>
    <ClInclude Include="nanotimer.h">
      <Filter>Header Files</Filter>
    </ClInclude>
    <ClInclude Include="Ozycommands.h">
      <Filter>Header Files</Filter>
    </ClInclude>
    <ClInclude Include="Ozydefs.h">
      <Filter>Header Files</Filter>
    </ClInclude>
    <ClInclude Include="Ozyutils.h">
      <Filter>Header Files</Filter>
    </ClInclude>
    <ClInclude Include="private.h">
      <Filter>Header Files</Filter>
    </ClInclude>
    <ClInclude Include="stdafx.h">
      <Filter>Header Files</Filter>
    </ClInclude>
    <ClInclude Include="libusb\usb.h">
      <Filter>libusb</Filter>
    </ClInclude>
    <ClInclude Include="fromsys.h">
      <Filter>Header Files</Filter>
    </ClInclude>
    <ClInclude Include="pthread.h">
      <Filter>Header Files</Filter>
    </ClInclude>
    <ClInclude Include="semaphore.h">
      <Filter>Header Files</Filter>
    </ClInclude>
    <ClInclude Include="iosdr.h">
      <Filter>Header Files</Filter>
    </ClInclude>
    <ClInclude Include="sched.h">
      <Filter>Header Files</Filter>
    </ClInclude>
  </ItemGroup>
</Project>